
Microsoft Visual Studio Solution File, Format Version 12.00
# Visual Studio 15
Project("{FAE04EC0-301F-11D3-BF4B-00C04F79EFBC}") = "Assembly-CSharp", "Assembly-CSharp.csproj", "{05C5216B-BEAD-34CF-C773-0E9B8DC9C015}"
EndProject
Project("{FAE04EC0-301F-11D3-BF4B-00C04F79EFBC}") = "SimpleFileBrowser.Runtime", "SimpleFileBrowser.Runtime.csproj", "{5D04BF5D-3A1B-772F-9746-D80DBD3759E3}"
EndProject
Global
	GlobalSection(SolutionConfigurationPlatforms) = preSolution
		Debug|Any CPU = Debug|Any CPU
		Release|Any CPU = Release|Any CPU
	EndGlobalSection
	GlobalSection(ProjectConfigurationPlatforms) = postSolution
		{05C5216B-BEAD-34CF-C773-0E9B8DC9C015}.Debug|Any CPU.ActiveCfg = Debug|Any CPU
		{05C5216B-BEAD-34CF-C773-0E9B8DC9C015}.Debug|Any CPU.Build.0 = Debug|Any CPU
		{05C5216B-BEAD-34CF-C773-0E9B8DC9C015}.Release|Any CPU.ActiveCfg = Release|Any CPU
		{05C5216B-BEAD-34CF-C773-0E9B8DC9C015}.Release|Any CPU.Build.0 = Release|Any CPU
		{5D04BF5D-3A1B-772F-9746-D80DBD3759E3}.Debug|Any CPU.ActiveCfg = Debug|Any CPU
		{5D04BF5D-3A1B-772F-9746-D80DBD3759E3}.Debug|Any CPU.Build.0 = Debug|Any CPU
		{5D04BF5D-3A1B-772F-9746-D80DBD3759E3}.Release|Any CPU.ActiveCfg = Release|Any CPU
		{5D04BF5D-3A1B-772F-9746-D80DBD3759E3}.Release|Any CPU.Build.0 = Release|Any CPU
	EndGlobalSection
	GlobalSection(SolutionProperties) = preSolution
		HideSolutionNode = FALSE
	EndGlobalSection
EndGlobal
